
Microsoft Visual Studio Solution File, Format Version 12.00
# Visual Studio Version 16
VisualStudioVersion = 16.0.31515.178
MinimumVisualStudioVersion = 10.0.40219.1
Project("{2150E333-8FDC-42A3-9474-1A3956D46DE8}") = "Unit01", "Unit01", "{B0161AAA-1EF9-4EB0-AADE-1625A6D13B9F}"
EndProject
Project("{2150E333-8FDC-42A3-9474-1A3956D46DE8}") = "Unit02", "Unit02", "{D76A91AA-DDB3-47B9-B31F-3FB258B4B5AD}"
EndProject
Project("{2150E333-8FDC-42A3-9474-1A3956D46DE8}") = "Unit03", "Unit03", "{1F0B5CAD-48CD-4064-8812-F3E081C7400B}"
EndProject
Project("{8BC9CEB8-8B4A-11D0-8D11-00A0C91BC942}") = "TestReferenceVariable", "Unit03\TestReferenceVariable\TestReferenceVariable.vcxproj", "{A9B32BEE-0173-44D2-A134-47DB9298B8CB}"
EndProject
Project("{8BC9CEB8-8B4A-11D0-8D11-00A0C91BC942}") = "Swap", "Unit03\PasserByReference\PasserByReference.vcxproj", "{309EC518-4769-4912-B5CB-1288C30C0A2A}"
EndProject
Project("{8BC9CEB8-8B4A-11D0-8D11-00A0C91BC942}") = "TestNewDelete", "Unit03\TestNewDelete\TestNewDelete.vcxproj", "{99063360-357C-478F-B3F3-A5FFDBFC08C4}"
EndProject
Project("{8BC9CEB8-8B4A-11D0-8D11-00A0C91BC942}") = "AlholaWorld", "Unit02\AlholaWorld\AlholaWorld.vcxproj", "{172C41F2-9B6A-4194-83A5-3225FA363296}"
EndProject
Project("{8BC9CEB8-8B4A-11D0-8D11-00A0C91BC942}") = "InAndOutput", "Unit02\InAndOutput\InAndOutput.vcxproj", "{28FBE1C4-A08D-40D1-A940-BFE044CF4BC5}"
EndProject
Project("{2150E333-8FDC-42A3-9474-1A3956D46DE8}") = "Unit04", "Unit04", "{B91B3A55-A48C-4D46-8DA5-836F4B832E8B}"
EndProject
Project("{8BC9CEB8-8B4A-11D0-8D11-00A0C91BC942}") = "4Circle", "Unit04\ClassFunction\ClassFunction.vcxproj", "{5A75E368-2118-43A1-BBF0-9AC38E5880F7}"
EndProject
Project("{8BC9CEB8-8B4A-11D0-8D11-00A0C91BC942}") = "3TestAnojymousObject", "Unit04\TestAnojymousObject\TestAnojymousObject.vcxproj", "{76E7AA04-ECE2-4E74-B187-5F8C314984BE}"
EndProject
Project("{8BC9CEB8-8B4A-11D0-8D11-00A0C91BC942}") = "1TestCircle", "Unit04\TestCircle\TestCircle.vcxproj", "{A3C1F84B-774D-4191-B10D-2CD43B87A4EC}"
EndProject
Project("{8BC9CEB8-8B4A-11D0-8D11-00A0C91BC942}") = "2TestObjectCopy", "Unit04\TestObjectCopy\TestObjectCopy.vcxproj", "{79F10456-49F9-4630-9707-5496A888EB2F}"
EndProject
Project("{8BC9CEB8-8B4A-11D0-8D11-00A0C91BC942}") = "5TestObjectPointer", "Unit04\TestObjectPointer\TestObjectPointer.vcxproj", "{B242E31A-27FB-4DCE-8394-61F4E65E3F98}"
EndProject
Global
	GlobalSection(SolutionConfigurationPlatforms) = preSolution
		Debug|x64 = Debug|x64
		Debug|x86 = Debug|x86
		Release|x64 = Release|x64
		Release|x86 = Release|x86
	EndGlobalSection
	GlobalSection(ProjectConfigurationPlatforms) = postSolution
		{A9B32BEE-0173-44D2-A134-47DB9298B8CB}.Debug|x64.ActiveCfg = Debug|x64
		{A9B32BEE-0173-44D2-A134-47DB9298B8CB}.Debug|x64.Build.0 = Debug|x64
		{A9B32BEE-0173-44D2-A134-47DB9298B8CB}.Debug|x86.ActiveCfg = Debug|Win32
		{A9B32BEE-0173-44D2-A134-47DB9298B8CB}.Debug|x86.Build.0 = Debug|Win32
		{A9B32BEE-0173-44D2-A134-47DB9298B8CB}.Release|x64.ActiveCfg = Release|x64
		{A9B32BEE-0173-44D2-A134-47DB9298B8CB}.Release|x64.Build.0 = Release|x64
		{A9B32BEE-0173-44D2-A134-47DB9298B8CB}.Release|x86.ActiveCfg = Release|Win32
		{A9B32BEE-0173-44D2-A134-47DB9298B8CB}.Release|x86.Build.0 = Release|Win32
		{309EC518-4769-4912-B5CB-1288C30C0A2A}.Debug|x64.ActiveCfg = Debug|x64
		{309EC518-4769-4912-B5CB-1288C30C0A2A}.Debug|x64.Build.0 = Debug|x64
		{309EC518-4769-4912-B5CB-1288C30C0A2A}.Debug|x86.ActiveCfg = Debug|Win32
		{309EC518-4769-4912-B5CB-1288C30C0A2A}.Debug|x86.Build.0 = Debug|Win32
		{309EC518-4769-4912-B5CB-1288C30C0A2A}.Release|x64.ActiveCfg = Release|x64
		{309EC518-4769-4912-B5CB-1288C30C0A2A}.Release|x64.Build.0 = Release|x64
		{309EC518-4769-4912-B5CB-1288C30C0A2A}.Release|x86.ActiveCfg = Release|Win32
		{309EC518-4769-4912-B5CB-1288C30C0A2A}.Release|x86.Build.0 = Release|Win32
		{99063360-357C-478F-B3F3-A5FFDBFC08C4}.Debug|x64.ActiveCfg = Debug|x64
		{99063360-357C-478F-B3F3-A5FFDBFC08C4}.Debug|x64.Build.0 = Debug|x64
		{99063360-357C-478F-B3F3-A5FFDBFC08C4}.Debug|x86.ActiveCfg = Debug|Win32
		{99063360-357C-478F-B3F3-A5FFDBFC08C4}.Debug|x86.Build.0 = Debug|Win32
		{99063360-357C-478F-B3F3-A5FFDBFC08C4}.Release|x64.ActiveCfg = Release|x64
		{99063360-357C-478F-B3F3-A5FFDBFC08C4}.Release|x64.Build.0 = Release|x64
		{99063360-357C-478F-B3F3-A5FFDBFC08C4}.Release|x86.ActiveCfg = Release|Win32
		{99063360-357C-478F-B3F3-A5FFDBFC08C4}.Release|x86.Build.0 = Release|Win32
		{172C41F2-9B6A-4194-83A5-3225FA363296}.Debug|x64.ActiveCfg = Debug|x64
		{172C41F2-9B6A-4194-83A5-3225FA363296}.Debug|x64.Build.0 = Debug|x64
		{172C41F2-9B6A-4194-83A5-3225FA363296}.Debug|x86.ActiveCfg = Debug|Win32
		{172C41F2-9B6A-4194-83A5-3225FA363296}.Debug|x86.Build.0 = Debug|Win32
		{172C41F2-9B6A-4194-83A5-3225FA363296}.Release|x64.ActiveCfg = Release|x64
		{172C41F2-9B6A-4194-83A5-3225FA363296}.Release|x64.Build.0 = Release|x64
		{172C41F2-9B6A-4194-83A5-3225FA363296}.Release|x86.ActiveCfg = Release|Win32
		{172C41F2-9B6A-4194-83A5-3225FA363296}.Release|x86.Build.0 = Release|Win32
		{28FBE1C4-A08D-40D1-A940-BFE044CF4BC5}.Debug|x64.ActiveCfg = Debug|x64
		{28FBE1C4-A08D-40D1-A940-BFE044CF4BC5}.Debug|x64.Build.0 = Debug|x64
		{28FBE1C4-A08D-40D1-A940-BFE044CF4BC5}.Debug|x86.ActiveCfg = Debug|Win32
		{28FBE1C4-A08D-40D1-A940-BFE044CF4BC5}.Debug|x86.Build.0 = Debug|Win32
		{28FBE1C4-A08D-40D1-A940-BFE044CF4BC5}.Release|x64.ActiveCfg = Release|x64
		{28FBE1C4-A08D-40D1-A940-BFE044CF4BC5}.Release|x64.Build.0 = Release|x64
		{28FBE1C4-A08D-40D1-A940-BFE044CF4BC5}.Release|x86.ActiveCfg = Release|Win32
		{28FBE1C4-A08D-40D1-A940-BFE044CF4BC5}.Release|x86.Build.0 = Release|Win32
		{5A75E368-2118-43A1-BBF0-9AC38E5880F7}.Debug|x64.ActiveCfg = Debug|x64
		{5A75E368-2118-43A1-BBF0-9AC38E5880F7}.Debug|x64.Build.0 = Debug|x64
		{5A75E368-2118-43A1-BBF0-9AC38E5880F7}.Debug|x86.ActiveCfg = Debug|Win32
		{5A75E368-2118-43A1-BBF0-9AC38E5880F7}.Debug|x86.Build.0 = Debug|Win32
		{5A75E368-2118-43A1-BBF0-9AC38E5880F7}.Release|x64.ActiveCfg = Release|x64
		{5A75E368-2118-43A1-BBF0-9AC38E5880F7}.Release|x64.Build.0 = Release|x64
		{5A75E368-2118-43A1-BBF0-9AC38E5880F7}.Release|x86.ActiveCfg = Release|Win32
		{5A75E368-2118-43A1-BBF0-9AC38E5880F7}.Release|x86.Build.0 = Release|Win32
		{76E7AA04-ECE2-4E74-B187-5F8C314984BE}.Debug|x64.ActiveCfg = Debug|x64
		{76E7AA04-ECE2-4E74-B187-5F8C314984BE}.Debug|x64.Build.0 = Debug|x64
		{76E7AA04-ECE2-4E74-B187-5F8C314984BE}.Debug|x86.ActiveCfg = Debug|Win32
		{76E7AA04-ECE2-4E74-B187-5F8C314984BE}.Debug|x86.Build.0 = Debug|Win32
		{76E7AA04-ECE2-4E74-B187-5F8C314984BE}.Release|x64.ActiveCfg = Release|x64
		{76E7AA04-ECE2-4E74-B187-5F8C314984BE}.Release|x64.Build.0 = Release|x64
		{76E7AA04-ECE2-4E74-B187-5F8C314984BE}.Release|x86.ActiveCfg = Release|Win32
		{76E7AA04-ECE2-4E74-B187-5F8C314984BE}.Release|x86.Build.0 = Release|Win32
		{A3C1F84B-774D-4191-B10D-2CD43B87A4EC}.Debug|x64.ActiveCfg = Debug|x64
		{A3C1F84B-774D-4191-B10D-2CD43B87A4EC}.Debug|x64.Build.0 = Debug|x64
		{A3C1F84B-774D-4191-B10D-2CD43B87A4EC}.Debug|x86.ActiveCfg = Debug|Win32
		{A3C1F84B-774D-4191-B10D-2CD43B87A4EC}.Debug|x86.Build.0 = Debug|Win32
		{A3C1F84B-774D-4191-B10D-2CD43B87A4EC}.Release|x64.ActiveCfg = Release|x64
		{A3C1F84B-774D-4191-B10D-2CD43B87A4EC}.Release|x64.Build.0 = Release|x64
		{A3C1F84B-774D-4191-B10D-2CD43B87A4EC}.Release|x86.ActiveCfg = Release|Win32
		{A3C1F84B-774D-4191-B10D-2CD43B87A4EC}.Release|x86.Build.0 = Release|Win32
		{79F10456-49F9-4630-9707-5496A888EB2F}.Debug|x64.ActiveCfg = Debug|x64
		{79F10456-49F9-4630-9707-5496A888EB2F}.Debug|x64.Build.0 = Debug|x64
		{79F10456-49F9-4630-9707-5496A888EB2F}.Debug|x86.ActiveCfg = Debug|Win32
		{79F10456-49F9-4630-9707-5496A888EB2F}.Debug|x86.Build.0 = Debug|Win32
		{79F10456-49F9-4630-9707-5496A888EB2F}.Release|x64.ActiveCfg = Release|x64
		{79F10456-49F9-4630-9707-5496A888EB2F}.Release|x64.Build.0 = Release|x64
		{79F10456-49F9-4630-9707-5496A888EB2F}.Release|x86.ActiveCfg = Release|Win32
		{79F10456-49F9-4630-9707-5496A888EB2F}.Release|x86.Build.0 = Release|Win32
		{B242E31A-27FB-4DCE-8394-61F4E65E3F98}.Debug|x64.ActiveCfg = Debug|x64
		{B242E31A-27FB-4DCE-8394-61F4E65E3F98}.Debug|x64.Build.0 = Debug|x64
		{B242E31A-27FB-4DCE-8394-61F4E65E3F98}.Debug|x86.ActiveCfg = Debug|Win32
		{B242E31A-27FB-4DCE-8394-61F4E65E3F98}.Debug|x86.Build.0 = Debug|Win32
		{B242E31A-27FB-4DCE-8394-61F4E65E3F98}.Release|x64.ActiveCfg = Release|x64
		{B242E31A-27FB-4DCE-8394-61F4E65E3F98}.Release|x64.Build.0 = Release|x64
		{B242E31A-27FB-4DCE-8394-61F4E65E3F98}.Release|x86.ActiveCfg = Release|Win32
		{B242E31A-27FB-4DCE-8394-61F4E65E3F98}.Release|x86.Build.0 = Release|Win32
	EndGlobalSection
	GlobalSection(SolutionProperties) = preSolution
		HideSolutionNode = FALSE
	EndGlobalSection
	GlobalSection(NestedProjects) = preSolution
		{A9B32BEE-0173-44D2-A134-47DB9298B8CB} = {1F0B5CAD-48CD-4064-8812-F3E081C7400B}
		{309EC518-4769-4912-B5CB-1288C30C0A2A} = {1F0B5CAD-48CD-4064-8812-F3E081C7400B}
		{99063360-357C-478F-B3F3-A5FFDBFC08C4} = {1F0B5CAD-48CD-4064-8812-F3E081C7400B}
		{172C41F2-9B6A-4194-83A5-3225FA363296} = {D76A91AA-DDB3-47B9-B31F-3FB258B4B5AD}
		{28FBE1C4-A08D-40D1-A940-BFE044CF4BC5} = {D76A91AA-DDB3-47B9-B31F-3FB258B4B5AD}
		{5A75E368-2118-43A1-BBF0-9AC38E5880F7} = {B91B3A55-A48C-4D46-8DA5-836F4B832E8B}
		{76E7AA04-ECE2-4E74-B187-5F8C314984BE} = {B91B3A55-A48C-4D46-8DA5-836F4B832E8B}
		{A3C1F84B-774D-4191-B10D-2CD43B87A4EC} = {B91B3A55-A48C-4D46-8DA5-836F4B832E8B}
		{79F10456-49F9-4630-9707-5496A888EB2F} = {B91B3A55-A48C-4D46-8DA5-836F4B832E8B}
		{B242E31A-27FB-4DCE-8394-61F4E65E3F98} = {B91B3A55-A48C-4D46-8DA5-836F4B832E8B}
	EndGlobalSection
	GlobalSection(ExtensibilityGlobals) = postSolution
		SolutionGuid = {96042563-1D21-4DC2-9DA2-0E6F23355DC6}
	EndGlobalSection
EndGlobal
