
Microsoft Visual Studio Solution File, Format Version 12.00
# Visual Studio Version 16
VisualStudioVersion = 16.0.31515.178
MinimumVisualStudioVersion = 10.0.40219.1
Project("{2150E333-8FDC-42A3-9474-1A3956D46DE8}") = "Unit01", "Unit01", "{B0161AAA-1EF9-4EB0-AADE-1625A6D13B9F}"
EndProject
Project("{2150E333-8FDC-42A3-9474-1A3956D46DE8}") = "Unit02", "Unit02", "{D76A91AA-DDB3-47B9-B31F-3FB258B4B5AD}"
EndProject
Project("{2150E333-8FDC-42A3-9474-1A3956D46DE8}") = "Unit03", "Unit03", "{1F0B5CAD-48CD-4064-8812-F3E081C7400B}"
EndProject
Project("{8BC9CEB8-8B4A-11D0-8D11-00A0C91BC942}") = "TestReferenceVariable", "Unit03\TestReferenceVariable\TestReferenceVariable.vcxproj", "{A9B32BEE-0173-44D2-A134-47DB9298B8CB}"
EndProject
Project("{8BC9CEB8-8B4A-11D0-8D11-00A0C91BC942}") = "Swap", "Unit03\PasserByReference\PasserByReference.vcxproj", "{309EC518-4769-4912-B5CB-1288C30C0A2A}"
EndProject
Project("{8BC9CEB8-8B4A-11D0-8D11-00A0C91BC942}") = "TestNewDelete", "Unit03\TestNewDelete\TestNewDelete.vcxproj", "{99063360-357C-478F-B3F3-A5FFDBFC08C4}"
EndProject
Project("{8BC9CEB8-8B4A-11D0-8D11-00A0C91BC942}") = "AlholaWorld", "Unit02\AlholaWorld\AlholaWorld.vcxproj", "{172C41F2-9B6A-4194-83A5-3225FA363296}"
EndProject
Project("{8BC9CEB8-8B4A-11D0-8D11-00A0C91BC942}") = "InAndOutput", "Unit02\InAndOutput\InAndOutput.vcxproj", "{28FBE1C4-A08D-40D1-A940-BFE044CF4BC5}"
EndProject
Project("{2150E333-8FDC-42A3-9474-1A3956D46DE8}") = "Unit04", "Unit04", "{B91B3A55-A48C-4D46-8DA5-836F4B832E8B}"
	ProjectSection(SolutionItems) = preProject
		Unit04TODO.txt = Unit04TODO.txt
	EndProjectSection
EndProject
Project("{8BC9CEB8-8B4A-11D0-8D11-00A0C91BC942}") = "04Circle", "Unit04\ClassFunction\ClassFunction.vcxproj", "{5A75E368-2118-43A1-BBF0-9AC38E5880F7}"
EndProject
Project("{8BC9CEB8-8B4A-11D0-8D11-00A0C91BC942}") = "03TestAnonymousObject", "Unit04\TestAnojymousObject\TestAnojymousObject.vcxproj", "{76E7AA04-ECE2-4E74-B187-5F8C314984BE}"
EndProject
Project("{8BC9CEB8-8B4A-11D0-8D11-00A0C91BC942}") = "01TestCircle", "Unit04\TestCircle\TestCircle.vcxproj", "{A3C1F84B-774D-4191-B10D-2CD43B87A4EC}"
EndProject
Project("{8BC9CEB8-8B4A-11D0-8D11-00A0C91BC942}") = "02TestObjectCopy", "Unit04\TestObjectCopy\TestObjectCopy.vcxproj", "{79F10456-49F9-4630-9707-5496A888EB2F}"
EndProject
Project("{8BC9CEB8-8B4A-11D0-8D11-00A0C91BC942}") = "05TestObjectPointer", "Unit04\TestObjectPointer\TestObjectPointer.vcxproj", "{B242E31A-27FB-4DCE-8394-61F4E65E3F98}"
EndProject
Project("{8BC9CEB8-8B4A-11D0-8D11-00A0C91BC942}") = "CompilerVersion", "Unit01\CompilerVersion\CompilerVersion.vcxproj", "{49A8A47B-3067-43A9-A5D1-CC67F8EF7263}"
EndProject
Project("{8BC9CEB8-8B4A-11D0-8D11-00A0C91BC942}") = "HelloWorld", "Unit01\HelloWorld\HelloWorld.vcxproj", "{ADB1A898-331F-479F-B089-6D6C870FE091}"
EndProject
Project("{8BC9CEB8-8B4A-11D0-8D11-00A0C91BC942}") = "06TotalArea", "Unit04\TotalArea\TotalArea.vcxproj", "{F8F4AD69-F0C3-49FA-9538-B63728F8A54D}"
EndProject
Project("{8BC9CEB8-8B4A-11D0-8D11-00A0C91BC942}") = "07ObjectAsArgument", "Unit04\ObjectAsArgument\ObjectAsArgument.vcxproj", "{4C7ECCB2-BEC8-4208-8CA6-DA59D1B45E7B}"
EndProject
Project("{8BC9CEB8-8B4A-11D0-8D11-00A0C91BC942}") = "08ObjectAsReturn", "Unit04\ObjectAsReturn\ObjectAsReturn.vcxproj", "{3562FFB2-7687-4255-B53E-C23F2F35943D}"
EndProject
Project("{8BC9CEB8-8B4A-11D0-8D11-00A0C91BC942}") = "09InClassInitializer", "Unit04\InClassInitializer\InClassInitializer.vcxproj", "{E4B5A4CA-454B-4AB7-AB50-826673D63DBF}"
EndProject
Project("{8BC9CEB8-8B4A-11D0-8D11-00A0C91BC942}") = "10DefaultConstructor", "Unit04\DefaultConstructor\DefaultConstructor.vcxproj", "{512BD753-ECDA-411D-9DFD-98CEE83B122A}"
EndProject
Project("{8BC9CEB8-8B4A-11D0-8D11-00A0C91BC942}") = "11TestString", "Unit04\TestString\TestString.vcxproj", "{B7963A9F-551E-44AD-834F-4E5C6C4E28DB}"
EndProject
Project("{8BC9CEB8-8B4A-11D0-8D11-00A0C91BC942}") = "12TestArray", "Unit04\TestArray\TestArray.vcxproj", "{82A1BB75-01AC-44BD-8AB7-4FBC7015A907}"
EndProject
Project("{2150E333-8FDC-42A3-9474-1A3956D46DE8}") = "Unit05", "Unit05", "{75B2290E-EE77-463C-856E-83F994E68EC5}"
	ProjectSection(SolutionItems) = preProject
		Unit05TODO.txt = Unit05TODO.txt
	EndProjectSection
EndProject
Project("{8BC9CEB8-8B4A-11D0-8D11-00A0C91BC942}") = "01ConstexprAndAssert", "Unit05\ConstexprAndAssert\ConstexprAndAssert.vcxproj", "{D1632AAA-B190-4637-8CED-D584F797CA09}"
EndProject
Project("{8BC9CEB8-8B4A-11D0-8D11-00A0C91BC942}") = "02ImmutableObject", "Unit05\ImmutableObject\ImmutableObject.vcxproj", "{A7D384E6-1BBE-4008-BE21-EF33A7B18589}"
EndProject
Project("{8BC9CEB8-8B4A-11D0-8D11-00A0C91BC942}") = "03StaticMembers", "Unit05\StaticMembers\StaticMembers.vcxproj", "{042B00CA-6294-4D6A-8A30-2267A82B78DF}"
EndProject
Project("{8BC9CEB8-8B4A-11D0-8D11-00A0C91BC942}") = "04Destructor", "Unit05\Destructor\Destructor.vcxproj", "{ECDA6B6B-67CF-4B65-842F-CE945CC5DDB8}"
EndProject
Project("{8BC9CEB8-8B4A-11D0-8D11-00A0C91BC942}") = "08TestVector", "Unit05\TestVector\TestVector.vcxproj", "{3F7122C3-268D-47AF-9713-34D4A69EE1C1}"
EndProject
Project("{8BC9CEB8-8B4A-11D0-8D11-00A0C91BC942}") = "05CopyCtor", "Unit05\CopyCtor\CopyCtor.vcxproj", "{70F8F319-0135-4926-9C01-82FDCF6E911F}"
EndProject
Project("{8BC9CEB8-8B4A-11D0-8D11-00A0C91BC942}") = "06DeepCopy", "Unit05\DeepCopy\DeepCopy.vcxproj", "{1E8CB584-4ADF-40E6-8F65-5070CD417948}"
EndProject
Project("{8BC9CEB8-8B4A-11D0-8D11-00A0C91BC942}") = "07Friend", "Unit05\Friend\Friend.vcxproj", "{9B7FB33F-ADF5-48A6-9F8B-D804717B5168}"
EndProject
Project("{8BC9CEB8-8B4A-11D0-8D11-00A0C91BC942}") = "09StringLiterals", "Unit05\StringLiterals\StringLiterals.vcxproj", "{AE578C75-5389-4D87-ACC6-EBD62DB1FA58}"
EndProject
Project("{8BC9CEB8-8B4A-11D0-8D11-00A0C91BC942}") = "10StackOfIntegers", "Unit05\StackOfIntegers\StackOfIntegers.vcxproj", "{D8EEAA05-0FD8-4EC7-B103-DAFBF244090A}"
EndProject
Project("{8BC9CEB8-8B4A-11D0-8D11-00A0C91BC942}") = "11StructureBinding", "Unit05\StructureBinding\StructureBinding.vcxproj", "{B5BE378A-E955-4488-8511-A72A91907E98}"
EndProject
Project("{2150E333-8FDC-42A3-9474-1A3956D46DE8}") = "Unit06", "Unit06", "{736F17C7-8F83-4774-905B-297A7FCBA266}"
	ProjectSection(SolutionItems) = preProject
		Unit06TODO.txt = Unit06TODO.txt
	EndProjectSection
EndProject
Project("{2150E333-8FDC-42A3-9474-1A3956D46DE8}") = "Unit07", "Unit07", "{7294044C-2419-49B4-9A58-FFB221A734C7}"
	ProjectSection(SolutionItems) = preProject
		Unit07TODO.txt = Unit07TODO.txt
	EndProjectSection
EndProject
Project("{8BC9CEB8-8B4A-11D0-8D11-00A0C91BC942}") = "01CheckPath", "Unit07\CheckPath\CheckPath.vcxproj", "{34D42177-B5F1-45BC-80E2-EC239D6FF0B4}"
EndProject
Project("{8BC9CEB8-8B4A-11D0-8D11-00A0C91BC942}") = "02CtorOfInheritant", "Unit06\CtorOfInheritant\CtorOfInheritant.vcxproj", "{8A9C782E-5683-4822-A44F-DCE31EC9A776}"
EndProject
Project("{8BC9CEB8-8B4A-11D0-8D11-00A0C91BC942}") = "01Inheritance", "Unit06\Inheritance\Inheritance.vcxproj", "{8ED648D2-9832-408E-9F02-B7E70BFF0459}"
EndProject
Project("{8BC9CEB8-8B4A-11D0-8D11-00A0C91BC942}") = "03RedefineFunction", "Unit06\RedefineFunction\RedefineFunction.vcxproj", "{199B8664-A4F4-4377-A719-4A16EDDF030C}"
EndProject
Project("{8BC9CEB8-8B4A-11D0-8D11-00A0C91BC942}") = "04Polymorphism", "Unit06\Polymorphism\Polymorphism.vcxproj", "{14EB35F1-06A2-48D6-9366-0DB3F8AB25A8}"
EndProject
Project("{8BC9CEB8-8B4A-11D0-8D11-00A0C91BC942}") = "05Accessibility", "Unit06\Accessibility\Accessibility.vcxproj", "{1E75C689-026C-4792-AE97-40D8477DFF25}"
EndProject
Project("{2150E333-8FDC-42A3-9474-1A3956D46DE8}") = "Unit08", "Unit08", "{62046F7B-FCF1-46B2-9CC7-687ADB020621}"
EndProject
Project("{8BC9CEB8-8B4A-11D0-8D11-00A0C91BC942}") = "01Vec2D", "Unit08\Vec2D\Vec2D.vcxproj", "{77972F4B-02A1-4411-B8B7-9ADF3F2420B0}"
EndProject
Project("{8BC9CEB8-8B4A-11D0-8D11-00A0C91BC942}") = "02OverloadAssignmentOperator", "Unit08\OverloadAssignmentOperator\OverloadAssignmentOperator.vcxproj", "{BA7B34E2-65DC-4E3F-AE4A-D51D01542C53}"
EndProject
Project("{2150E333-8FDC-42A3-9474-1A3956D46DE8}") = "Unit09", "Unit09", "{3579C04D-6CAD-4FC1-B26D-6774196AB252}"
EndProject
Project("{2150E333-8FDC-42A3-9474-1A3956D46DE8}") = "Unit10", "Unit10", "{8B4268FA-532D-42EE-AB6C-7635A0347777}"
EndProject
Global
	GlobalSection(SolutionConfigurationPlatforms) = preSolution
		Debug|x64 = Debug|x64
		Debug|x86 = Debug|x86
		Release|x64 = Release|x64
		Release|x86 = Release|x86
	EndGlobalSection
	GlobalSection(ProjectConfigurationPlatforms) = postSolution
		{A9B32BEE-0173-44D2-A134-47DB9298B8CB}.Debug|x64.ActiveCfg = Debug|x64
		{A9B32BEE-0173-44D2-A134-47DB9298B8CB}.Debug|x64.Build.0 = Debug|x64
		{A9B32BEE-0173-44D2-A134-47DB9298B8CB}.Debug|x86.ActiveCfg = Debug|Win32
		{A9B32BEE-0173-44D2-A134-47DB9298B8CB}.Debug|x86.Build.0 = Debug|Win32
		{A9B32BEE-0173-44D2-A134-47DB9298B8CB}.Release|x64.ActiveCfg = Release|x64
		{A9B32BEE-0173-44D2-A134-47DB9298B8CB}.Release|x64.Build.0 = Release|x64
		{A9B32BEE-0173-44D2-A134-47DB9298B8CB}.Release|x86.ActiveCfg = Release|Win32
		{A9B32BEE-0173-44D2-A134-47DB9298B8CB}.Release|x86.Build.0 = Release|Win32
		{309EC518-4769-4912-B5CB-1288C30C0A2A}.Debug|x64.ActiveCfg = Debug|x64
		{309EC518-4769-4912-B5CB-1288C30C0A2A}.Debug|x64.Build.0 = Debug|x64
		{309EC518-4769-4912-B5CB-1288C30C0A2A}.Debug|x86.ActiveCfg = Debug|Win32
		{309EC518-4769-4912-B5CB-1288C30C0A2A}.Debug|x86.Build.0 = Debug|Win32
		{309EC518-4769-4912-B5CB-1288C30C0A2A}.Release|x64.ActiveCfg = Release|x64
		{309EC518-4769-4912-B5CB-1288C30C0A2A}.Release|x64.Build.0 = Release|x64
		{309EC518-4769-4912-B5CB-1288C30C0A2A}.Release|x86.ActiveCfg = Release|Win32
		{309EC518-4769-4912-B5CB-1288C30C0A2A}.Release|x86.Build.0 = Release|Win32
		{99063360-357C-478F-B3F3-A5FFDBFC08C4}.Debug|x64.ActiveCfg = Debug|x64
		{99063360-357C-478F-B3F3-A5FFDBFC08C4}.Debug|x64.Build.0 = Debug|x64
		{99063360-357C-478F-B3F3-A5FFDBFC08C4}.Debug|x86.ActiveCfg = Debug|Win32
		{99063360-357C-478F-B3F3-A5FFDBFC08C4}.Debug|x86.Build.0 = Debug|Win32
		{99063360-357C-478F-B3F3-A5FFDBFC08C4}.Release|x64.ActiveCfg = Release|x64
		{99063360-357C-478F-B3F3-A5FFDBFC08C4}.Release|x64.Build.0 = Release|x64
		{99063360-357C-478F-B3F3-A5FFDBFC08C4}.Release|x86.ActiveCfg = Release|Win32
		{99063360-357C-478F-B3F3-A5FFDBFC08C4}.Release|x86.Build.0 = Release|Win32
		{172C41F2-9B6A-4194-83A5-3225FA363296}.Debug|x64.ActiveCfg = Debug|x64
		{172C41F2-9B6A-4194-83A5-3225FA363296}.Debug|x64.Build.0 = Debug|x64
		{172C41F2-9B6A-4194-83A5-3225FA363296}.Debug|x86.ActiveCfg = Debug|Win32
		{172C41F2-9B6A-4194-83A5-3225FA363296}.Debug|x86.Build.0 = Debug|Win32
		{172C41F2-9B6A-4194-83A5-3225FA363296}.Release|x64.ActiveCfg = Release|x64
		{172C41F2-9B6A-4194-83A5-3225FA363296}.Release|x64.Build.0 = Release|x64
		{172C41F2-9B6A-4194-83A5-3225FA363296}.Release|x86.ActiveCfg = Release|Win32
		{172C41F2-9B6A-4194-83A5-3225FA363296}.Release|x86.Build.0 = Release|Win32
		{28FBE1C4-A08D-40D1-A940-BFE044CF4BC5}.Debug|x64.ActiveCfg = Debug|x64
		{28FBE1C4-A08D-40D1-A940-BFE044CF4BC5}.Debug|x64.Build.0 = Debug|x64
		{28FBE1C4-A08D-40D1-A940-BFE044CF4BC5}.Debug|x86.ActiveCfg = Debug|Win32
		{28FBE1C4-A08D-40D1-A940-BFE044CF4BC5}.Debug|x86.Build.0 = Debug|Win32
		{28FBE1C4-A08D-40D1-A940-BFE044CF4BC5}.Release|x64.ActiveCfg = Release|x64
		{28FBE1C4-A08D-40D1-A940-BFE044CF4BC5}.Release|x64.Build.0 = Release|x64
		{28FBE1C4-A08D-40D1-A940-BFE044CF4BC5}.Release|x86.ActiveCfg = Release|Win32
		{28FBE1C4-A08D-40D1-A940-BFE044CF4BC5}.Release|x86.Build.0 = Release|Win32
		{5A75E368-2118-43A1-BBF0-9AC38E5880F7}.Debug|x64.ActiveCfg = Debug|x64
		{5A75E368-2118-43A1-BBF0-9AC38E5880F7}.Debug|x64.Build.0 = Debug|x64
		{5A75E368-2118-43A1-BBF0-9AC38E5880F7}.Debug|x86.ActiveCfg = Debug|Win32
		{5A75E368-2118-43A1-BBF0-9AC38E5880F7}.Debug|x86.Build.0 = Debug|Win32
		{5A75E368-2118-43A1-BBF0-9AC38E5880F7}.Release|x64.ActiveCfg = Release|x64
		{5A75E368-2118-43A1-BBF0-9AC38E5880F7}.Release|x64.Build.0 = Release|x64
		{5A75E368-2118-43A1-BBF0-9AC38E5880F7}.Release|x86.ActiveCfg = Release|Win32
		{5A75E368-2118-43A1-BBF0-9AC38E5880F7}.Release|x86.Build.0 = Release|Win32
		{76E7AA04-ECE2-4E74-B187-5F8C314984BE}.Debug|x64.ActiveCfg = Debug|x64
		{76E7AA04-ECE2-4E74-B187-5F8C314984BE}.Debug|x64.Build.0 = Debug|x64
		{76E7AA04-ECE2-4E74-B187-5F8C314984BE}.Debug|x86.ActiveCfg = Debug|Win32
		{76E7AA04-ECE2-4E74-B187-5F8C314984BE}.Debug|x86.Build.0 = Debug|Win32
		{76E7AA04-ECE2-4E74-B187-5F8C314984BE}.Release|x64.ActiveCfg = Release|x64
		{76E7AA04-ECE2-4E74-B187-5F8C314984BE}.Release|x64.Build.0 = Release|x64
		{76E7AA04-ECE2-4E74-B187-5F8C314984BE}.Release|x86.ActiveCfg = Release|Win32
		{76E7AA04-ECE2-4E74-B187-5F8C314984BE}.Release|x86.Build.0 = Release|Win32
		{A3C1F84B-774D-4191-B10D-2CD43B87A4EC}.Debug|x64.ActiveCfg = Debug|x64
		{A3C1F84B-774D-4191-B10D-2CD43B87A4EC}.Debug|x64.Build.0 = Debug|x64
		{A3C1F84B-774D-4191-B10D-2CD43B87A4EC}.Debug|x86.ActiveCfg = Debug|Win32
		{A3C1F84B-774D-4191-B10D-2CD43B87A4EC}.Debug|x86.Build.0 = Debug|Win32
		{A3C1F84B-774D-4191-B10D-2CD43B87A4EC}.Release|x64.ActiveCfg = Release|x64
		{A3C1F84B-774D-4191-B10D-2CD43B87A4EC}.Release|x64.Build.0 = Release|x64
		{A3C1F84B-774D-4191-B10D-2CD43B87A4EC}.Release|x86.ActiveCfg = Release|Win32
		{A3C1F84B-774D-4191-B10D-2CD43B87A4EC}.Release|x86.Build.0 = Release|Win32
		{79F10456-49F9-4630-9707-5496A888EB2F}.Debug|x64.ActiveCfg = Debug|x64
		{79F10456-49F9-4630-9707-5496A888EB2F}.Debug|x64.Build.0 = Debug|x64
		{79F10456-49F9-4630-9707-5496A888EB2F}.Debug|x86.ActiveCfg = Debug|Win32
		{79F10456-49F9-4630-9707-5496A888EB2F}.Debug|x86.Build.0 = Debug|Win32
		{79F10456-49F9-4630-9707-5496A888EB2F}.Release|x64.ActiveCfg = Release|x64
		{79F10456-49F9-4630-9707-5496A888EB2F}.Release|x64.Build.0 = Release|x64
		{79F10456-49F9-4630-9707-5496A888EB2F}.Release|x86.ActiveCfg = Release|Win32
		{79F10456-49F9-4630-9707-5496A888EB2F}.Release|x86.Build.0 = Release|Win32
		{B242E31A-27FB-4DCE-8394-61F4E65E3F98}.Debug|x64.ActiveCfg = Debug|x64
		{B242E31A-27FB-4DCE-8394-61F4E65E3F98}.Debug|x64.Build.0 = Debug|x64
		{B242E31A-27FB-4DCE-8394-61F4E65E3F98}.Debug|x86.ActiveCfg = Debug|Win32
		{B242E31A-27FB-4DCE-8394-61F4E65E3F98}.Debug|x86.Build.0 = Debug|Win32
		{B242E31A-27FB-4DCE-8394-61F4E65E3F98}.Release|x64.ActiveCfg = Release|x64
		{B242E31A-27FB-4DCE-8394-61F4E65E3F98}.Release|x64.Build.0 = Release|x64
		{B242E31A-27FB-4DCE-8394-61F4E65E3F98}.Release|x86.ActiveCfg = Release|Win32
		{B242E31A-27FB-4DCE-8394-61F4E65E3F98}.Release|x86.Build.0 = Release|Win32
		{49A8A47B-3067-43A9-A5D1-CC67F8EF7263}.Debug|x64.ActiveCfg = Debug|x64
		{49A8A47B-3067-43A9-A5D1-CC67F8EF7263}.Debug|x64.Build.0 = Debug|x64
		{49A8A47B-3067-43A9-A5D1-CC67F8EF7263}.Debug|x86.ActiveCfg = Debug|Win32
		{49A8A47B-3067-43A9-A5D1-CC67F8EF7263}.Debug|x86.Build.0 = Debug|Win32
		{49A8A47B-3067-43A9-A5D1-CC67F8EF7263}.Release|x64.ActiveCfg = Release|x64
		{49A8A47B-3067-43A9-A5D1-CC67F8EF7263}.Release|x64.Build.0 = Release|x64
		{49A8A47B-3067-43A9-A5D1-CC67F8EF7263}.Release|x86.ActiveCfg = Release|Win32
		{49A8A47B-3067-43A9-A5D1-CC67F8EF7263}.Release|x86.Build.0 = Release|Win32
		{ADB1A898-331F-479F-B089-6D6C870FE091}.Debug|x64.ActiveCfg = Debug|x64
		{ADB1A898-331F-479F-B089-6D6C870FE091}.Debug|x64.Build.0 = Debug|x64
		{ADB1A898-331F-479F-B089-6D6C870FE091}.Debug|x86.ActiveCfg = Debug|Win32
		{ADB1A898-331F-479F-B089-6D6C870FE091}.Debug|x86.Build.0 = Debug|Win32
		{ADB1A898-331F-479F-B089-6D6C870FE091}.Release|x64.ActiveCfg = Release|x64
		{ADB1A898-331F-479F-B089-6D6C870FE091}.Release|x64.Build.0 = Release|x64
		{ADB1A898-331F-479F-B089-6D6C870FE091}.Release|x86.ActiveCfg = Release|Win32
		{ADB1A898-331F-479F-B089-6D6C870FE091}.Release|x86.Build.0 = Release|Win32
		{F8F4AD69-F0C3-49FA-9538-B63728F8A54D}.Debug|x64.ActiveCfg = Debug|x64
		{F8F4AD69-F0C3-49FA-9538-B63728F8A54D}.Debug|x64.Build.0 = Debug|x64
		{F8F4AD69-F0C3-49FA-9538-B63728F8A54D}.Debug|x86.ActiveCfg = Debug|Win32
		{F8F4AD69-F0C3-49FA-9538-B63728F8A54D}.Debug|x86.Build.0 = Debug|Win32
		{F8F4AD69-F0C3-49FA-9538-B63728F8A54D}.Release|x64.ActiveCfg = Release|x64
		{F8F4AD69-F0C3-49FA-9538-B63728F8A54D}.Release|x64.Build.0 = Release|x64
		{F8F4AD69-F0C3-49FA-9538-B63728F8A54D}.Release|x86.ActiveCfg = Release|Win32
		{F8F4AD69-F0C3-49FA-9538-B63728F8A54D}.Release|x86.Build.0 = Release|Win32
		{4C7ECCB2-BEC8-4208-8CA6-DA59D1B45E7B}.Debug|x64.ActiveCfg = Debug|x64
		{4C7ECCB2-BEC8-4208-8CA6-DA59D1B45E7B}.Debug|x64.Build.0 = Debug|x64
		{4C7ECCB2-BEC8-4208-8CA6-DA59D1B45E7B}.Debug|x86.ActiveCfg = Debug|Win32
		{4C7ECCB2-BEC8-4208-8CA6-DA59D1B45E7B}.Debug|x86.Build.0 = Debug|Win32
		{4C7ECCB2-BEC8-4208-8CA6-DA59D1B45E7B}.Release|x64.ActiveCfg = Release|x64
		{4C7ECCB2-BEC8-4208-8CA6-DA59D1B45E7B}.Release|x64.Build.0 = Release|x64
		{4C7ECCB2-BEC8-4208-8CA6-DA59D1B45E7B}.Release|x86.ActiveCfg = Release|Win32
		{4C7ECCB2-BEC8-4208-8CA6-DA59D1B45E7B}.Release|x86.Build.0 = Release|Win32
		{3562FFB2-7687-4255-B53E-C23F2F35943D}.Debug|x64.ActiveCfg = Debug|x64
		{3562FFB2-7687-4255-B53E-C23F2F35943D}.Debug|x64.Build.0 = Debug|x64
		{3562FFB2-7687-4255-B53E-C23F2F35943D}.Debug|x86.ActiveCfg = Debug|Win32
		{3562FFB2-7687-4255-B53E-C23F2F35943D}.Debug|x86.Build.0 = Debug|Win32
		{3562FFB2-7687-4255-B53E-C23F2F35943D}.Release|x64.ActiveCfg = Release|x64
		{3562FFB2-7687-4255-B53E-C23F2F35943D}.Release|x64.Build.0 = Release|x64
		{3562FFB2-7687-4255-B53E-C23F2F35943D}.Release|x86.ActiveCfg = Release|Win32
		{3562FFB2-7687-4255-B53E-C23F2F35943D}.Release|x86.Build.0 = Release|Win32
		{E4B5A4CA-454B-4AB7-AB50-826673D63DBF}.Debug|x64.ActiveCfg = Debug|x64
		{E4B5A4CA-454B-4AB7-AB50-826673D63DBF}.Debug|x64.Build.0 = Debug|x64
		{E4B5A4CA-454B-4AB7-AB50-826673D63DBF}.Debug|x86.ActiveCfg = Debug|Win32
		{E4B5A4CA-454B-4AB7-AB50-826673D63DBF}.Debug|x86.Build.0 = Debug|Win32
		{E4B5A4CA-454B-4AB7-AB50-826673D63DBF}.Release|x64.ActiveCfg = Release|x64
		{E4B5A4CA-454B-4AB7-AB50-826673D63DBF}.Release|x64.Build.0 = Release|x64
		{E4B5A4CA-454B-4AB7-AB50-826673D63DBF}.Release|x86.ActiveCfg = Release|Win32
		{E4B5A4CA-454B-4AB7-AB50-826673D63DBF}.Release|x86.Build.0 = Release|Win32
		{512BD753-ECDA-411D-9DFD-98CEE83B122A}.Debug|x64.ActiveCfg = Debug|x64
		{512BD753-ECDA-411D-9DFD-98CEE83B122A}.Debug|x64.Build.0 = Debug|x64
		{512BD753-ECDA-411D-9DFD-98CEE83B122A}.Debug|x86.ActiveCfg = Debug|Win32
		{512BD753-ECDA-411D-9DFD-98CEE83B122A}.Debug|x86.Build.0 = Debug|Win32
		{512BD753-ECDA-411D-9DFD-98CEE83B122A}.Release|x64.ActiveCfg = Release|x64
		{512BD753-ECDA-411D-9DFD-98CEE83B122A}.Release|x64.Build.0 = Release|x64
		{512BD753-ECDA-411D-9DFD-98CEE83B122A}.Release|x86.ActiveCfg = Release|Win32
		{512BD753-ECDA-411D-9DFD-98CEE83B122A}.Release|x86.Build.0 = Release|Win32
		{B7963A9F-551E-44AD-834F-4E5C6C4E28DB}.Debug|x64.ActiveCfg = Debug|x64
		{B7963A9F-551E-44AD-834F-4E5C6C4E28DB}.Debug|x64.Build.0 = Debug|x64
		{B7963A9F-551E-44AD-834F-4E5C6C4E28DB}.Debug|x86.ActiveCfg = Debug|Win32
		{B7963A9F-551E-44AD-834F-4E5C6C4E28DB}.Debug|x86.Build.0 = Debug|Win32
		{B7963A9F-551E-44AD-834F-4E5C6C4E28DB}.Release|x64.ActiveCfg = Release|x64
		{B7963A9F-551E-44AD-834F-4E5C6C4E28DB}.Release|x64.Build.0 = Release|x64
		{B7963A9F-551E-44AD-834F-4E5C6C4E28DB}.Release|x86.ActiveCfg = Release|Win32
		{B7963A9F-551E-44AD-834F-4E5C6C4E28DB}.Release|x86.Build.0 = Release|Win32
		{82A1BB75-01AC-44BD-8AB7-4FBC7015A907}.Debug|x64.ActiveCfg = Debug|x64
		{82A1BB75-01AC-44BD-8AB7-4FBC7015A907}.Debug|x64.Build.0 = Debug|x64
		{82A1BB75-01AC-44BD-8AB7-4FBC7015A907}.Debug|x86.ActiveCfg = Debug|Win32
		{82A1BB75-01AC-44BD-8AB7-4FBC7015A907}.Debug|x86.Build.0 = Debug|Win32
		{82A1BB75-01AC-44BD-8AB7-4FBC7015A907}.Release|x64.ActiveCfg = Release|x64
		{82A1BB75-01AC-44BD-8AB7-4FBC7015A907}.Release|x64.Build.0 = Release|x64
		{82A1BB75-01AC-44BD-8AB7-4FBC7015A907}.Release|x86.ActiveCfg = Release|Win32
		{82A1BB75-01AC-44BD-8AB7-4FBC7015A907}.Release|x86.Build.0 = Release|Win32
		{D1632AAA-B190-4637-8CED-D584F797CA09}.Debug|x64.ActiveCfg = Debug|x64
		{D1632AAA-B190-4637-8CED-D584F797CA09}.Debug|x64.Build.0 = Debug|x64
		{D1632AAA-B190-4637-8CED-D584F797CA09}.Debug|x86.ActiveCfg = Debug|Win32
		{D1632AAA-B190-4637-8CED-D584F797CA09}.Debug|x86.Build.0 = Debug|Win32
		{D1632AAA-B190-4637-8CED-D584F797CA09}.Release|x64.ActiveCfg = Release|x64
		{D1632AAA-B190-4637-8CED-D584F797CA09}.Release|x64.Build.0 = Release|x64
		{D1632AAA-B190-4637-8CED-D584F797CA09}.Release|x86.ActiveCfg = Release|Win32
		{D1632AAA-B190-4637-8CED-D584F797CA09}.Release|x86.Build.0 = Release|Win32
		{A7D384E6-1BBE-4008-BE21-EF33A7B18589}.Debug|x64.ActiveCfg = Debug|x64
		{A7D384E6-1BBE-4008-BE21-EF33A7B18589}.Debug|x64.Build.0 = Debug|x64
		{A7D384E6-1BBE-4008-BE21-EF33A7B18589}.Debug|x86.ActiveCfg = Debug|Win32
		{A7D384E6-1BBE-4008-BE21-EF33A7B18589}.Debug|x86.Build.0 = Debug|Win32
		{A7D384E6-1BBE-4008-BE21-EF33A7B18589}.Release|x64.ActiveCfg = Release|x64
		{A7D384E6-1BBE-4008-BE21-EF33A7B18589}.Release|x64.Build.0 = Release|x64
		{A7D384E6-1BBE-4008-BE21-EF33A7B18589}.Release|x86.ActiveCfg = Release|Win32
		{A7D384E6-1BBE-4008-BE21-EF33A7B18589}.Release|x86.Build.0 = Release|Win32
		{042B00CA-6294-4D6A-8A30-2267A82B78DF}.Debug|x64.ActiveCfg = Debug|x64
		{042B00CA-6294-4D6A-8A30-2267A82B78DF}.Debug|x64.Build.0 = Debug|x64
		{042B00CA-6294-4D6A-8A30-2267A82B78DF}.Debug|x86.ActiveCfg = Debug|Win32
		{042B00CA-6294-4D6A-8A30-2267A82B78DF}.Debug|x86.Build.0 = Debug|Win32
		{042B00CA-6294-4D6A-8A30-2267A82B78DF}.Release|x64.ActiveCfg = Release|x64
		{042B00CA-6294-4D6A-8A30-2267A82B78DF}.Release|x64.Build.0 = Release|x64
		{042B00CA-6294-4D6A-8A30-2267A82B78DF}.Release|x86.ActiveCfg = Release|Win32
		{042B00CA-6294-4D6A-8A30-2267A82B78DF}.Release|x86.Build.0 = Release|Win32
		{ECDA6B6B-67CF-4B65-842F-CE945CC5DDB8}.Debug|x64.ActiveCfg = Debug|x64
		{ECDA6B6B-67CF-4B65-842F-CE945CC5DDB8}.Debug|x64.Build.0 = Debug|x64
		{ECDA6B6B-67CF-4B65-842F-CE945CC5DDB8}.Debug|x86.ActiveCfg = Debug|Win32
		{ECDA6B6B-67CF-4B65-842F-CE945CC5DDB8}.Debug|x86.Build.0 = Debug|Win32
		{ECDA6B6B-67CF-4B65-842F-CE945CC5DDB8}.Release|x64.ActiveCfg = Release|x64
		{ECDA6B6B-67CF-4B65-842F-CE945CC5DDB8}.Release|x64.Build.0 = Release|x64
		{ECDA6B6B-67CF-4B65-842F-CE945CC5DDB8}.Release|x86.ActiveCfg = Release|Win32
		{ECDA6B6B-67CF-4B65-842F-CE945CC5DDB8}.Release|x86.Build.0 = Release|Win32
		{3F7122C3-268D-47AF-9713-34D4A69EE1C1}.Debug|x64.ActiveCfg = Debug|x64
		{3F7122C3-268D-47AF-9713-34D4A69EE1C1}.Debug|x64.Build.0 = Debug|x64
		{3F7122C3-268D-47AF-9713-34D4A69EE1C1}.Debug|x86.ActiveCfg = Debug|Win32
		{3F7122C3-268D-47AF-9713-34D4A69EE1C1}.Debug|x86.Build.0 = Debug|Win32
		{3F7122C3-268D-47AF-9713-34D4A69EE1C1}.Release|x64.ActiveCfg = Release|x64
		{3F7122C3-268D-47AF-9713-34D4A69EE1C1}.Release|x64.Build.0 = Release|x64
		{3F7122C3-268D-47AF-9713-34D4A69EE1C1}.Release|x86.ActiveCfg = Release|Win32
		{3F7122C3-268D-47AF-9713-34D4A69EE1C1}.Release|x86.Build.0 = Release|Win32
		{70F8F319-0135-4926-9C01-82FDCF6E911F}.Debug|x64.ActiveCfg = Debug|x64
		{70F8F319-0135-4926-9C01-82FDCF6E911F}.Debug|x64.Build.0 = Debug|x64
		{70F8F319-0135-4926-9C01-82FDCF6E911F}.Debug|x86.ActiveCfg = Debug|Win32
		{70F8F319-0135-4926-9C01-82FDCF6E911F}.Debug|x86.Build.0 = Debug|Win32
		{70F8F319-0135-4926-9C01-82FDCF6E911F}.Release|x64.ActiveCfg = Release|x64
		{70F8F319-0135-4926-9C01-82FDCF6E911F}.Release|x64.Build.0 = Release|x64
		{70F8F319-0135-4926-9C01-82FDCF6E911F}.Release|x86.ActiveCfg = Release|Win32
		{70F8F319-0135-4926-9C01-82FDCF6E911F}.Release|x86.Build.0 = Release|Win32
		{1E8CB584-4ADF-40E6-8F65-5070CD417948}.Debug|x64.ActiveCfg = Debug|x64
		{1E8CB584-4ADF-40E6-8F65-5070CD417948}.Debug|x64.Build.0 = Debug|x64
		{1E8CB584-4ADF-40E6-8F65-5070CD417948}.Debug|x86.ActiveCfg = Debug|Win32
		{1E8CB584-4ADF-40E6-8F65-5070CD417948}.Debug|x86.Build.0 = Debug|Win32
		{1E8CB584-4ADF-40E6-8F65-5070CD417948}.Release|x64.ActiveCfg = Release|x64
		{1E8CB584-4ADF-40E6-8F65-5070CD417948}.Release|x64.Build.0 = Release|x64
		{1E8CB584-4ADF-40E6-8F65-5070CD417948}.Release|x86.ActiveCfg = Release|Win32
		{1E8CB584-4ADF-40E6-8F65-5070CD417948}.Release|x86.Build.0 = Release|Win32
		{9B7FB33F-ADF5-48A6-9F8B-D804717B5168}.Debug|x64.ActiveCfg = Debug|x64
		{9B7FB33F-ADF5-48A6-9F8B-D804717B5168}.Debug|x64.Build.0 = Debug|x64
		{9B7FB33F-ADF5-48A6-9F8B-D804717B5168}.Debug|x86.ActiveCfg = Debug|Win32
		{9B7FB33F-ADF5-48A6-9F8B-D804717B5168}.Debug|x86.Build.0 = Debug|Win32
		{9B7FB33F-ADF5-48A6-9F8B-D804717B5168}.Release|x64.ActiveCfg = Release|x64
		{9B7FB33F-ADF5-48A6-9F8B-D804717B5168}.Release|x64.Build.0 = Release|x64
		{9B7FB33F-ADF5-48A6-9F8B-D804717B5168}.Release|x86.ActiveCfg = Release|Win32
		{9B7FB33F-ADF5-48A6-9F8B-D804717B5168}.Release|x86.Build.0 = Release|Win32
		{AE578C75-5389-4D87-ACC6-EBD62DB1FA58}.Debug|x64.ActiveCfg = Debug|x64
		{AE578C75-5389-4D87-ACC6-EBD62DB1FA58}.Debug|x64.Build.0 = Debug|x64
		{AE578C75-5389-4D87-ACC6-EBD62DB1FA58}.Debug|x86.ActiveCfg = Debug|Win32
		{AE578C75-5389-4D87-ACC6-EBD62DB1FA58}.Debug|x86.Build.0 = Debug|Win32
		{AE578C75-5389-4D87-ACC6-EBD62DB1FA58}.Release|x64.ActiveCfg = Release|x64
		{AE578C75-5389-4D87-ACC6-EBD62DB1FA58}.Release|x64.Build.0 = Release|x64
		{AE578C75-5389-4D87-ACC6-EBD62DB1FA58}.Release|x86.ActiveCfg = Release|Win32
		{AE578C75-5389-4D87-ACC6-EBD62DB1FA58}.Release|x86.Build.0 = Release|Win32
		{D8EEAA05-0FD8-4EC7-B103-DAFBF244090A}.Debug|x64.ActiveCfg = Debug|x64
		{D8EEAA05-0FD8-4EC7-B103-DAFBF244090A}.Debug|x64.Build.0 = Debug|x64
		{D8EEAA05-0FD8-4EC7-B103-DAFBF244090A}.Debug|x86.ActiveCfg = Debug|Win32
		{D8EEAA05-0FD8-4EC7-B103-DAFBF244090A}.Debug|x86.Build.0 = Debug|Win32
		{D8EEAA05-0FD8-4EC7-B103-DAFBF244090A}.Release|x64.ActiveCfg = Release|x64
		{D8EEAA05-0FD8-4EC7-B103-DAFBF244090A}.Release|x64.Build.0 = Release|x64
		{D8EEAA05-0FD8-4EC7-B103-DAFBF244090A}.Release|x86.ActiveCfg = Release|Win32
		{D8EEAA05-0FD8-4EC7-B103-DAFBF244090A}.Release|x86.Build.0 = Release|Win32
		{B5BE378A-E955-4488-8511-A72A91907E98}.Debug|x64.ActiveCfg = Debug|x64
		{B5BE378A-E955-4488-8511-A72A91907E98}.Debug|x64.Build.0 = Debug|x64
		{B5BE378A-E955-4488-8511-A72A91907E98}.Debug|x86.ActiveCfg = Debug|Win32
		{B5BE378A-E955-4488-8511-A72A91907E98}.Debug|x86.Build.0 = Debug|Win32
		{B5BE378A-E955-4488-8511-A72A91907E98}.Release|x64.ActiveCfg = Release|x64
		{B5BE378A-E955-4488-8511-A72A91907E98}.Release|x64.Build.0 = Release|x64
		{B5BE378A-E955-4488-8511-A72A91907E98}.Release|x86.ActiveCfg = Release|Win32
		{B5BE378A-E955-4488-8511-A72A91907E98}.Release|x86.Build.0 = Release|Win32
		{34D42177-B5F1-45BC-80E2-EC239D6FF0B4}.Debug|x64.ActiveCfg = Debug|x64
		{34D42177-B5F1-45BC-80E2-EC239D6FF0B4}.Debug|x64.Build.0 = Debug|x64
		{34D42177-B5F1-45BC-80E2-EC239D6FF0B4}.Debug|x86.ActiveCfg = Debug|Win32
		{34D42177-B5F1-45BC-80E2-EC239D6FF0B4}.Debug|x86.Build.0 = Debug|Win32
		{34D42177-B5F1-45BC-80E2-EC239D6FF0B4}.Release|x64.ActiveCfg = Release|x64
		{34D42177-B5F1-45BC-80E2-EC239D6FF0B4}.Release|x64.Build.0 = Release|x64
		{34D42177-B5F1-45BC-80E2-EC239D6FF0B4}.Release|x86.ActiveCfg = Release|Win32
		{34D42177-B5F1-45BC-80E2-EC239D6FF0B4}.Release|x86.Build.0 = Release|Win32
		{8A9C782E-5683-4822-A44F-DCE31EC9A776}.Debug|x64.ActiveCfg = Debug|x64
		{8A9C782E-5683-4822-A44F-DCE31EC9A776}.Debug|x64.Build.0 = Debug|x64
		{8A9C782E-5683-4822-A44F-DCE31EC9A776}.Debug|x86.ActiveCfg = Debug|Win32
		{8A9C782E-5683-4822-A44F-DCE31EC9A776}.Debug|x86.Build.0 = Debug|Win32
		{8A9C782E-5683-4822-A44F-DCE31EC9A776}.Release|x64.ActiveCfg = Release|x64
		{8A9C782E-5683-4822-A44F-DCE31EC9A776}.Release|x64.Build.0 = Release|x64
		{8A9C782E-5683-4822-A44F-DCE31EC9A776}.Release|x86.ActiveCfg = Release|Win32
		{8A9C782E-5683-4822-A44F-DCE31EC9A776}.Release|x86.Build.0 = Release|Win32
		{8ED648D2-9832-408E-9F02-B7E70BFF0459}.Debug|x64.ActiveCfg = Debug|x64
		{8ED648D2-9832-408E-9F02-B7E70BFF0459}.Debug|x64.Build.0 = Debug|x64
		{8ED648D2-9832-408E-9F02-B7E70BFF0459}.Debug|x86.ActiveCfg = Debug|Win32
		{8ED648D2-9832-408E-9F02-B7E70BFF0459}.Debug|x86.Build.0 = Debug|Win32
		{8ED648D2-9832-408E-9F02-B7E70BFF0459}.Release|x64.ActiveCfg = Release|x64
		{8ED648D2-9832-408E-9F02-B7E70BFF0459}.Release|x64.Build.0 = Release|x64
		{8ED648D2-9832-408E-9F02-B7E70BFF0459}.Release|x86.ActiveCfg = Release|Win32
		{8ED648D2-9832-408E-9F02-B7E70BFF0459}.Release|x86.Build.0 = Release|Win32
		{199B8664-A4F4-4377-A719-4A16EDDF030C}.Debug|x64.ActiveCfg = Debug|x64
		{199B8664-A4F4-4377-A719-4A16EDDF030C}.Debug|x64.Build.0 = Debug|x64
		{199B8664-A4F4-4377-A719-4A16EDDF030C}.Debug|x86.ActiveCfg = Debug|Win32
		{199B8664-A4F4-4377-A719-4A16EDDF030C}.Debug|x86.Build.0 = Debug|Win32
		{199B8664-A4F4-4377-A719-4A16EDDF030C}.Release|x64.ActiveCfg = Release|x64
		{199B8664-A4F4-4377-A719-4A16EDDF030C}.Release|x64.Build.0 = Release|x64
		{199B8664-A4F4-4377-A719-4A16EDDF030C}.Release|x86.ActiveCfg = Release|Win32
		{199B8664-A4F4-4377-A719-4A16EDDF030C}.Release|x86.Build.0 = Release|Win32
		{14EB35F1-06A2-48D6-9366-0DB3F8AB25A8}.Debug|x64.ActiveCfg = Debug|x64
		{14EB35F1-06A2-48D6-9366-0DB3F8AB25A8}.Debug|x64.Build.0 = Debug|x64
		{14EB35F1-06A2-48D6-9366-0DB3F8AB25A8}.Debug|x86.ActiveCfg = Debug|Win32
		{14EB35F1-06A2-48D6-9366-0DB3F8AB25A8}.Debug|x86.Build.0 = Debug|Win32
		{14EB35F1-06A2-48D6-9366-0DB3F8AB25A8}.Release|x64.ActiveCfg = Release|x64
		{14EB35F1-06A2-48D6-9366-0DB3F8AB25A8}.Release|x64.Build.0 = Release|x64
		{14EB35F1-06A2-48D6-9366-0DB3F8AB25A8}.Release|x86.ActiveCfg = Release|Win32
		{14EB35F1-06A2-48D6-9366-0DB3F8AB25A8}.Release|x86.Build.0 = Release|Win32
		{1E75C689-026C-4792-AE97-40D8477DFF25}.Debug|x64.ActiveCfg = Debug|x64
		{1E75C689-026C-4792-AE97-40D8477DFF25}.Debug|x64.Build.0 = Debug|x64
		{1E75C689-026C-4792-AE97-40D8477DFF25}.Debug|x86.ActiveCfg = Debug|Win32
		{1E75C689-026C-4792-AE97-40D8477DFF25}.Debug|x86.Build.0 = Debug|Win32
		{1E75C689-026C-4792-AE97-40D8477DFF25}.Release|x64.ActiveCfg = Release|x64
		{1E75C689-026C-4792-AE97-40D8477DFF25}.Release|x64.Build.0 = Release|x64
		{1E75C689-026C-4792-AE97-40D8477DFF25}.Release|x86.ActiveCfg = Release|Win32
		{1E75C689-026C-4792-AE97-40D8477DFF25}.Release|x86.Build.0 = Release|Win32
		{77972F4B-02A1-4411-B8B7-9ADF3F2420B0}.Debug|x64.ActiveCfg = Debug|x64
		{77972F4B-02A1-4411-B8B7-9ADF3F2420B0}.Debug|x64.Build.0 = Debug|x64
		{77972F4B-02A1-4411-B8B7-9ADF3F2420B0}.Debug|x86.ActiveCfg = Debug|Win32
		{77972F4B-02A1-4411-B8B7-9ADF3F2420B0}.Debug|x86.Build.0 = Debug|Win32
		{77972F4B-02A1-4411-B8B7-9ADF3F2420B0}.Release|x64.ActiveCfg = Release|x64
		{77972F4B-02A1-4411-B8B7-9ADF3F2420B0}.Release|x64.Build.0 = Release|x64
		{77972F4B-02A1-4411-B8B7-9ADF3F2420B0}.Release|x86.ActiveCfg = Release|Win32
		{77972F4B-02A1-4411-B8B7-9ADF3F2420B0}.Release|x86.Build.0 = Release|Win32
		{BA7B34E2-65DC-4E3F-AE4A-D51D01542C53}.Debug|x64.ActiveCfg = Debug|x64
		{BA7B34E2-65DC-4E3F-AE4A-D51D01542C53}.Debug|x64.Build.0 = Debug|x64
		{BA7B34E2-65DC-4E3F-AE4A-D51D01542C53}.Debug|x86.ActiveCfg = Debug|Win32
		{BA7B34E2-65DC-4E3F-AE4A-D51D01542C53}.Debug|x86.Build.0 = Debug|Win32
		{BA7B34E2-65DC-4E3F-AE4A-D51D01542C53}.Release|x64.ActiveCfg = Release|x64
		{BA7B34E2-65DC-4E3F-AE4A-D51D01542C53}.Release|x64.Build.0 = Release|x64
		{BA7B34E2-65DC-4E3F-AE4A-D51D01542C53}.Release|x86.ActiveCfg = Release|Win32
		{BA7B34E2-65DC-4E3F-AE4A-D51D01542C53}.Release|x86.Build.0 = Release|Win32
	EndGlobalSection
	GlobalSection(SolutionProperties) = preSolution
		HideSolutionNode = FALSE
	EndGlobalSection
	GlobalSection(NestedProjects) = preSolution
		{A9B32BEE-0173-44D2-A134-47DB9298B8CB} = {1F0B5CAD-48CD-4064-8812-F3E081C7400B}
		{309EC518-4769-4912-B5CB-1288C30C0A2A} = {1F0B5CAD-48CD-4064-8812-F3E081C7400B}
		{99063360-357C-478F-B3F3-A5FFDBFC08C4} = {1F0B5CAD-48CD-4064-8812-F3E081C7400B}
		{172C41F2-9B6A-4194-83A5-3225FA363296} = {D76A91AA-DDB3-47B9-B31F-3FB258B4B5AD}
		{28FBE1C4-A08D-40D1-A940-BFE044CF4BC5} = {D76A91AA-DDB3-47B9-B31F-3FB258B4B5AD}
		{5A75E368-2118-43A1-BBF0-9AC38E5880F7} = {B91B3A55-A48C-4D46-8DA5-836F4B832E8B}
		{76E7AA04-ECE2-4E74-B187-5F8C314984BE} = {B91B3A55-A48C-4D46-8DA5-836F4B832E8B}
		{A3C1F84B-774D-4191-B10D-2CD43B87A4EC} = {B91B3A55-A48C-4D46-8DA5-836F4B832E8B}
		{79F10456-49F9-4630-9707-5496A888EB2F} = {B91B3A55-A48C-4D46-8DA5-836F4B832E8B}
		{B242E31A-27FB-4DCE-8394-61F4E65E3F98} = {B91B3A55-A48C-4D46-8DA5-836F4B832E8B}
		{49A8A47B-3067-43A9-A5D1-CC67F8EF7263} = {B0161AAA-1EF9-4EB0-AADE-1625A6D13B9F}
		{ADB1A898-331F-479F-B089-6D6C870FE091} = {B0161AAA-1EF9-4EB0-AADE-1625A6D13B9F}
		{F8F4AD69-F0C3-49FA-9538-B63728F8A54D} = {B91B3A55-A48C-4D46-8DA5-836F4B832E8B}
		{4C7ECCB2-BEC8-4208-8CA6-DA59D1B45E7B} = {B91B3A55-A48C-4D46-8DA5-836F4B832E8B}
		{3562FFB2-7687-4255-B53E-C23F2F35943D} = {B91B3A55-A48C-4D46-8DA5-836F4B832E8B}
		{E4B5A4CA-454B-4AB7-AB50-826673D63DBF} = {B91B3A55-A48C-4D46-8DA5-836F4B832E8B}
		{512BD753-ECDA-411D-9DFD-98CEE83B122A} = {B91B3A55-A48C-4D46-8DA5-836F4B832E8B}
		{B7963A9F-551E-44AD-834F-4E5C6C4E28DB} = {B91B3A55-A48C-4D46-8DA5-836F4B832E8B}
		{82A1BB75-01AC-44BD-8AB7-4FBC7015A907} = {B91B3A55-A48C-4D46-8DA5-836F4B832E8B}
		{D1632AAA-B190-4637-8CED-D584F797CA09} = {75B2290E-EE77-463C-856E-83F994E68EC5}
		{A7D384E6-1BBE-4008-BE21-EF33A7B18589} = {75B2290E-EE77-463C-856E-83F994E68EC5}
		{042B00CA-6294-4D6A-8A30-2267A82B78DF} = {75B2290E-EE77-463C-856E-83F994E68EC5}
		{ECDA6B6B-67CF-4B65-842F-CE945CC5DDB8} = {75B2290E-EE77-463C-856E-83F994E68EC5}
		{3F7122C3-268D-47AF-9713-34D4A69EE1C1} = {75B2290E-EE77-463C-856E-83F994E68EC5}
		{70F8F319-0135-4926-9C01-82FDCF6E911F} = {75B2290E-EE77-463C-856E-83F994E68EC5}
		{1E8CB584-4ADF-40E6-8F65-5070CD417948} = {75B2290E-EE77-463C-856E-83F994E68EC5}
		{9B7FB33F-ADF5-48A6-9F8B-D804717B5168} = {75B2290E-EE77-463C-856E-83F994E68EC5}
		{AE578C75-5389-4D87-ACC6-EBD62DB1FA58} = {75B2290E-EE77-463C-856E-83F994E68EC5}
		{D8EEAA05-0FD8-4EC7-B103-DAFBF244090A} = {75B2290E-EE77-463C-856E-83F994E68EC5}
		{B5BE378A-E955-4488-8511-A72A91907E98} = {75B2290E-EE77-463C-856E-83F994E68EC5}
		{34D42177-B5F1-45BC-80E2-EC239D6FF0B4} = {7294044C-2419-49B4-9A58-FFB221A734C7}
		{8A9C782E-5683-4822-A44F-DCE31EC9A776} = {736F17C7-8F83-4774-905B-297A7FCBA266}
		{8ED648D2-9832-408E-9F02-B7E70BFF0459} = {736F17C7-8F83-4774-905B-297A7FCBA266}
		{199B8664-A4F4-4377-A719-4A16EDDF030C} = {736F17C7-8F83-4774-905B-297A7FCBA266}
		{14EB35F1-06A2-48D6-9366-0DB3F8AB25A8} = {736F17C7-8F83-4774-905B-297A7FCBA266}
		{1E75C689-026C-4792-AE97-40D8477DFF25} = {736F17C7-8F83-4774-905B-297A7FCBA266}
		{77972F4B-02A1-4411-B8B7-9ADF3F2420B0} = {62046F7B-FCF1-46B2-9CC7-687ADB020621}
		{BA7B34E2-65DC-4E3F-AE4A-D51D01542C53} = {62046F7B-FCF1-46B2-9CC7-687ADB020621}
	EndGlobalSection
	GlobalSection(ExtensibilityGlobals) = postSolution
		SolutionGuid = {96042563-1D21-4DC2-9DA2-0E6F23355DC6}
	EndGlobalSection
EndGlobal
